{
  "name": "server",
  "version": "1.0.0",
  "lockfileVersion": 1,
  "requires": true,
  "dependencies": {
    "@types/component-emitter": {
      "version": "1.2.10",
      "resolved": "https://registry.npm.taobao.org/@types/component-emitter/download/@types/component-emitter-1.2.10.tgz?cache=0&sync_timestamp=1605053057317&other_urls=https%3A%2F%2Fregistry.npm.taobao.org%2F%40types%2Fcomponent-emitter%2Fdownload%2F%40types%2Fcomponent-emitter-1.2.10.tgz",
      "integrity": "sha1-71sVibnxZURkLkc9tepWORB+8+o="
    },
    "@types/cookie": {
      "version": "0.4.0",
      "resolved": "https://registry.npm.taobao.org/@types/cookie/download/@types/cookie-0.4.0.tgz?cache=0&sync_timestamp=1605053059915&other_urls=https%3A%2F%2Fregistry.npm.taobao.org%2F%40types%2Fcookie%2Fdownload%2F%40types%2Fcookie-0.4.0.tgz",
      "integrity": "sha1-FPhUwPk9Mm452m47bzT303UT0Qg="
    },
    "@types/cors": {
      "version": "2.8.9",
      "resolved": "https://registry.npm.taobao.org/@types/cors/download/@types/cors-2.8.9.tgz?cache=0&sync_timestamp=1608023962024&other_urls=https%3A%2F%2Fregistry.npm.taobao.org%2F%40types%2Fcors%2Fdownload%2F%40types%2Fcors-2.8.9.tgz",
      "integrity": "sha1-S9H8rHLsqNW+yT52x/3L3BvCzUo="
    },
    "@types/node": {
      "version": "14.14.14",
      "resolved": "https://registry.npm.taobao.org/@types/node/download/@types/node-14.14.14.tgz?cache=0&sync_timestamp=1608047776716&other_urls=https%3A%2F%2Fregistry.npm.taobao.org%2F%40types%2Fnode%2Fdownload%2F%40types%2Fnode-14.14.14.tgz",
      "integrity": "sha1-9/1fPMhSEwERn2ORDw+5ZcfXYa4="
    },
    "accepts": {
      "version": "1.3.7",
      "resolved": "https://registry.npm.taobao.org/accepts/download/accepts-1.3.7.tgz",
      "requires": {
        "mime-types": "~2.1.24",
        "negotiator": "0.6.2"
      },
      "dependencies": {
        "mime-types": {
          "version": "2.1.27",
          "resolved": "https://registry.npm.taobao.org/mime-types/download/mime-types-2.1.27.tgz",
          "requires": {
            "mime-db": "1.44.0"
          },
          "dependencies": {
            "mime-db": {
              "version": "1.44.0",
              "resolved": "https://registry.npm.taobao.org/mime-db/download/mime-db-1.44.0.tgz?cache=0&sync_timestamp=1600831167104&other_urls=https%3A%2F%2Fregistry.npm.taobao.org%2Fmime-db%2Fdownload%2Fmime-db-1.44.0.tgz"
            }
          }
        },
        "negotiator": {
          "version": "0.6.2",
          "resolved": "https://registry.npm.taobao.org/negotiator/download/negotiator-0.6.2.tgz"
        }
      }
    },
    "base64-arraybuffer": {
      "version": "0.1.4",
      "resolved": "https://registry.npm.taobao.org/base64-arraybuffer/download/base64-arraybuffer-0.1.4.tgz",
      "integrity": "sha1-mBjHngWbE1X5fgQooBfIOOkLqBI="
    },
    "base64id": {
      "version": "2.0.0",
      "resolved": "https://registry.npm.taobao.org/base64id/download/base64id-2.0.0.tgz",
      "integrity": "sha1-J3Csa8R9MSr5eov5pjQ0LgzSXLY="
    },
    "component-emitter": {
      "version": "1.3.0",
      "resolved": "https://registry.npm.taobao.org/component-emitter/download/component-emitter-1.3.0.tgz",
      "integrity": "sha1-FuQHD7qK4ptnnyIVhT7hgasuq8A="
    },
    "cors": {
      "version": "2.8.5",
      "resolved": "https://registry.npm.taobao.org/cors/download/cors-2.8.5.tgz",
      "requires": {
        "object-assign": "^4",
        "vary": "^1"
      },
      "dependencies": {
        "object-assign": {
          "version": "4.1.1",
          "resolved": "https://registry.npm.taobao.org/object-assign/download/object-assign-4.1.1.tgz"
        },
        "vary": {
          "version": "1.1.2",
          "resolved": "https://registry.npm.taobao.org/vary/download/vary-1.1.2.tgz"
        }
      }
    },
    "engine.io": {
      "version": "4.0.5",
      "resolved": "https://registry.npm.taobao.org/engine.io/download/engine.io-4.0.5.tgz?cache=0&sync_timestamp=1607335131964&other_urls=https%3A%2F%2Fregistry.npm.taobao.org%2Fengine.io%2Fdownload%2Fengine.io-4.0.5.tgz",
      "integrity": "sha1-P/bVxyVgrZNCPBzh6AdzMgZiKhw=",
      "requires": {
        "accepts": "~1.3.4",
        "base64id": "2.0.0",
        "cookie": "~0.4.1",
        "cors": "~2.8.5",
        "debug": "~4.1.0",
        "engine.io-parser": "~4.0.0",
        "ws": "^7.1.2"
      },
      "dependencies": {
        "cookie": {
          "version": "0.4.1",
          "resolved": "https://registry.npm.taobao.org/cookie/download/cookie-0.4.1.tgz",
          "integrity": "sha1-r9cT/ibr0hupXOth+agRblClN9E="
        },
        "debug": {
          "version": "4.1.1",
          "resolved": "https://registry.npm.taobao.org/debug/download/debug-4.1.1.tgz?cache=0&sync_timestamp=1607566551397&other_urls=https%3A%2F%2Fregistry.npm.taobao.org%2Fdebug%2Fdownload%2Fdebug-4.1.1.tgz",
          "integrity": "sha1-O3ImAlUQnGtYnO4FDx1RYTlmR5E=",
          "requires": {
            "ms": "^2.1.1"
          }
        }
      }
    },
    "engine.io-parser": {
      "version": "4.0.2",
      "resolved": "https://registry.npm.taobao.org/engine.io-parser/download/engine.io-parser-4.0.2.tgz?cache=0&sync_timestamp=1607330889673&other_urls=https%3A%2F%2Fregistry.npm.taobao.org%2Fengine.io-parser%2Fdownload%2Fengine.io-parser-4.0.2.tgz",
      "integrity": "sha1-5B0LP7Zve/SjZx0gOKFUAk7bUB4=",
      "requires": {
        "base64-arraybuffer": "0.1.4"
      }
    },
    "ms": {
      "version": "2.1.1",
      "resolved": "https://registry.npm.taobao.org/ms/download/ms-2.1.1.tgz"
    },
    "socket.io": {
      "version": "3.0.4",
      "resolved": "https://registry.npm.taobao.org/socket.io/download/socket.io-3.0.4.tgz?cache=0&sync_timestamp=1607337305597&other_urls=https%3A%2F%2Fregistry.npm.taobao.org%2Fsocket.io%2Fdownload%2Fsocket.io-3.0.4.tgz",
      "integrity": "sha1-IBMKgLV+SNrbZx8i43dgR8x/nVM=",
      "requires": {
        "@types/cookie": "^0.4.0",
        "@types/cors": "^2.8.8",
        "@types/node": "^14.14.7",
        "accepts": "~1.3.4",
        "base64id": "~2.0.0",
        "debug": "~4.1.0",
        "engine.io": "~4.0.0",
        "socket.io-adapter": "~2.0.3",
        "socket.io-parser": "~4.0.1"
      },
      "dependencies": {
        "debug": {
          "version": "4.1.1",
          "resolved": "https://registry.npm.taobao.org/debug/download/debug-4.1.1.tgz?cache=0&sync_timestamp=1607566551397&other_urls=https%3A%2F%2Fregistry.npm.taobao.org%2Fdebug%2Fdownload%2Fdebug-4.1.1.tgz",
          "integrity": "sha1-O3ImAlUQnGtYnO4FDx1RYTlmR5E=",
          "requires": {
            "ms": "^2.1.1"
          }
        }
      }
    },
    "socket.io-adapter": {
      "version": "2.0.3",
      "resolved": "https://registry.npm.taobao.org/socket.io-adapter/download/socket.io-adapter-2.0.3.tgz",
      "integrity": "sha1-Nyt83npTX8T08NWsf3OVKjBi1Dg="
    },
    "socket.io-parser": {
      "version": "4.0.2",
      "resolved": "https://registry.npm.taobao.org/socket.io-parser/download/socket.io-parser-4.0.2.tgz?cache=0&sync_timestamp=1606297010591&other_urls=https%3A%2F%2Fregistry.npm.taobao.org%2Fsocket.io-parser%2Fdownload%2Fsocket.io-parser-4.0.2.tgz",
      "integrity": "sha1-PQIanIZnG7B558bIBttqHZsbx4A=",
      "requires": {
        "@types/component-emitter": "^1.2.10",
        "component-emitter": "~1.3.0",
        "debug": "~4.1.0"
      },
      "dependencies": {
        "debug": {
          "version": "4.1.1",
          "resolved": "https://registry.npm.taobao.org/debug/download/debug-4.1.1.tgz?cache=0&sync_timestamp=1607566551397&other_urls=https%3A%2F%2Fregistry.npm.taobao.org%2Fdebug%2Fdownload%2Fdebug-4.1.1.tgz",
          "integrity": "sha1-O3ImAlUQnGtYnO4FDx1RYTlmR5E=",
          "requires": {
            "ms": "^2.1.1"
          }
        }
      }
    },
    "ws": {
      "version": "7.4.1",
      "resolved": "https://registry.npm.taobao.org/ws/download/ws-7.4.1.tgz?cache=0&sync_timestamp=1607113150914&other_urls=https%3A%2F%2Fregistry.npm.taobao.org%2Fws%2Fdownload%2Fws-7.4.1.tgz",
      "integrity": "sha1-ozO+Amlr0OVM6gQ04h3MiprClLs="
    }
  }
}
